
Microsoft Visual Studio Solution File, Format Version 12.00
# Visual Studio Version 17
VisualStudioVersion = 17.8.34525.116
MinimumVisualStudioVersion = 10.0.40219.1
Project("{FAE04EC0-301F-11D3-BF4B-00C04F79EFBC}") = "PersonalDataTable.MVC", "PersonalDataTable.MVC\PersonalDataTable.MVC.csproj", "{F9A823E0-2C94-4441-A792-087DC4A7B1F0}"
EndProject
Global
	GlobalSection(SolutionConfigurationPlatforms) = preSolution
		Debug|Any CPU = Debug|Any CPU
		Release|Any CPU = Release|Any CPU
	EndGlobalSection
	GlobalSection(ProjectConfigurationPlatforms) = postSolution
		{F9A823E0-2C94-4441-A792-087DC4A7B1F0}.Debug|Any CPU.ActiveCfg = Debug|Any CPU
		{F9A823E0-2C94-4441-A792-087DC4A7B1F0}.Debug|Any CPU.Build.0 = Debug|Any CPU
		{F9A823E0-2C94-4441-A792-087DC4A7B1F0}.Release|Any CPU.ActiveCfg = Release|Any CPU
		{F9A823E0-2C94-4441-A792-087DC4A7B1F0}.Release|Any CPU.Build.0 = Release|Any CPU
	EndGlobalSection
	GlobalSection(SolutionProperties) = preSolution
		HideSolutionNode = FALSE
	EndGlobalSection
	GlobalSection(ExtensibilityGlobals) = postSolution
		SolutionGuid = {6CD50FBF-8D4C-4624-BF0D-73A386FAC8F9}
	EndGlobalSection
EndGlobal
